
Microsoft Visual Studio Solution File, Format Version 12.00
# Visual Studio Version 17
VisualStudioVersion = 17.2.32602.215
MinimumVisualStudioVersion = 10.0.40219.1
Project("{FAE04EC0-301F-11D3-BF4B-00C04F79EFBC}") = "functions", "functions\functions.csproj", "{23006115-11D5-4C7E-92CF-E298F96F7E53}"
EndProject
Global
	GlobalSection(SolutionConfigurationPlatforms) = preSolution
		Debug|Any CPU = Debug|Any CPU
		Release|Any CPU = Release|Any CPU
	EndGlobalSection
	GlobalSection(ProjectConfigurationPlatforms) = postSolution
		{23006115-11D5-4C7E-92CF-E298F96F7E53}.Debug|Any CPU.ActiveCfg = Debug|Any CPU
		{23006115-11D5-4C7E-92CF-E298F96F7E53}.Debug|Any CPU.Build.0 = Debug|Any CPU
		{23006115-11D5-4C7E-92CF-E298F96F7E53}.Release|Any CPU.ActiveCfg = Release|Any CPU
		{23006115-11D5-4C7E-92CF-E298F96F7E53}.Release|Any CPU.Build.0 = Release|Any CPU
	EndGlobalSection
	GlobalSection(SolutionProperties) = preSolution
		HideSolutionNode = FALSE
	EndGlobalSection
	GlobalSection(ExtensibilityGlobals) = postSolution
		SolutionGuid = {79BD4A76-DC4F-4B77-BAB7-D636E3C31873}
	EndGlobalSection
EndGlobal
